
Microsoft Visual Studio Solution File, Format Version 12.00
# Visual Studio Version 16
VisualStudioVersion = 16.0.28803.352
MinimumVisualStudioVersion = 10.0.40219.1
Project("{2150E333-8FDC-42A3-9474-1A3956D46DE8}") = "Solution Items", "Solution Items", "{DB4F0E3D-18A5-46B6-A673-12F5175894EE}"
	ProjectSection(SolutionItems) = preProject
		Dockerfile = Dockerfile
	EndProjectSection
EndProject
Project("{9A19103F-16F7-4668-BE54-9A1E7A4F7556}") = "DataBaseFramework", "DataBaseFramework\DataBaseFramework.csproj", "{234E58DE-ED22-44CA-B57D-EB68DA7A5A65}"
EndProject
Project("{9A19103F-16F7-4668-BE54-9A1E7A4F7556}") = "FGApp", "TC-FGApp\FGApp.csproj", "{4BB80D33-D16E-441C-8A8B-7E3C71000EFF}"
	ProjectSection(ProjectDependencies) = postProject
		{234E58DE-ED22-44CA-B57D-EB68DA7A5A65} = {234E58DE-ED22-44CA-B57D-EB68DA7A5A65}
	EndProjectSection
EndProject
Global
	GlobalSection(SolutionConfigurationPlatforms) = preSolution
		Debug|Any CPU = Debug|Any CPU
		Release|Any CPU = Release|Any CPU
	EndGlobalSection
	GlobalSection(ProjectConfigurationPlatforms) = postSolution
		{234E58DE-ED22-44CA-B57D-EB68DA7A5A65}.Debug|Any CPU.ActiveCfg = Debug|Any CPU
		{234E58DE-ED22-44CA-B57D-EB68DA7A5A65}.Debug|Any CPU.Build.0 = Debug|Any CPU
		{234E58DE-ED22-44CA-B57D-EB68DA7A5A65}.Release|Any CPU.ActiveCfg = Release|Any CPU
		{234E58DE-ED22-44CA-B57D-EB68DA7A5A65}.Release|Any CPU.Build.0 = Release|Any CPU
		{4BB80D33-D16E-441C-8A8B-7E3C71000EFF}.Debug|Any CPU.ActiveCfg = Debug|Any CPU
		{4BB80D33-D16E-441C-8A8B-7E3C71000EFF}.Debug|Any CPU.Build.0 = Debug|Any CPU
		{4BB80D33-D16E-441C-8A8B-7E3C71000EFF}.Release|Any CPU.ActiveCfg = Release|Any CPU
		{4BB80D33-D16E-441C-8A8B-7E3C71000EFF}.Release|Any CPU.Build.0 = Release|Any CPU
	EndGlobalSection
	GlobalSection(SolutionProperties) = preSolution
		HideSolutionNode = FALSE
	EndGlobalSection
	GlobalSection(ExtensibilityGlobals) = postSolution
		SolutionGuid = {3FCE18E9-5BDB-41C1-80CD-EB79DFF71BB5}
	EndGlobalSection
EndGlobal
